<?xml version="1.0" encoding="UTF-8"?>
<CodeBlocks_project_file>
	<FileVersion major="1" minor="6"/>
	<Project>
		<Option title="Opencraft"/>
		<Option makefile_is_custom="1"/>
		<Option compiler="gcc"/>
		<Option virtualFolders="CMake Files\;"/>
		<Build>
			<Target title="all">
				<Option working_dir="/home/lonyelon/Documentos/Opencraft"/>
				<Option type="4"/>
				<MakeCommands>
					<Build command="/usr/bin/make -f &quot;/home/lonyelon/Documentos/Opencraft/Makefile&quot;  VERBOSE=1 all"/>
					<CompileFile command="/usr/bin/make -f &quot;/home/lonyelon/Documentos/Opencraft/Makefile&quot;  VERBOSE=1 &quot;$file&quot;"/>
					<Clean command="/usr/bin/make -f &quot;/home/lonyelon/Documentos/Opencraft/Makefile&quot;  VERBOSE=1 clean"/>
					<DistClean command="/usr/bin/make -f &quot;/home/lonyelon/Documentos/Opencraft/Makefile&quot;  VERBOSE=1 clean"/>
				</MakeCommands>
			</Target>
			<Target title="rebuild_cache">
				<Option working_dir="/home/lonyelon/Documentos/Opencraft"/>
				<Option type="4"/>
				<MakeCommands>
					<Build command="/usr/bin/make -f &quot;/home/lonyelon/Documentos/Opencraft/Makefile&quot;  VERBOSE=1 rebuild_cache"/>
					<CompileFile command="/usr/bin/make -f &quot;/home/lonyelon/Documentos/Opencraft/Makefile&quot;  VERBOSE=1 &quot;$file&quot;"/>
					<Clean command="/usr/bin/make -f &quot;/home/lonyelon/Documentos/Opencraft/Makefile&quot;  VERBOSE=1 clean"/>
					<DistClean command="/usr/bin/make -f &quot;/home/lonyelon/Documentos/Opencraft/Makefile&quot;  VERBOSE=1 clean"/>
				</MakeCommands>
			</Target>
			<Target title="edit_cache">
				<Option working_dir="/home/lonyelon/Documentos/Opencraft"/>
				<Option type="4"/>
				<MakeCommands>
					<Build command="/usr/bin/make -f &quot;/home/lonyelon/Documentos/Opencraft/Makefile&quot;  VERBOSE=1 edit_cache"/>
					<CompileFile command="/usr/bin/make -f &quot;/home/lonyelon/Documentos/Opencraft/Makefile&quot;  VERBOSE=1 &quot;$file&quot;"/>
					<Clean command="/usr/bin/make -f &quot;/home/lonyelon/Documentos/Opencraft/Makefile&quot;  VERBOSE=1 clean"/>
					<DistClean command="/usr/bin/make -f &quot;/home/lonyelon/Documentos/Opencraft/Makefile&quot;  VERBOSE=1 clean"/>
				</MakeCommands>
			</Target>
			<Target title="Opencraft">
				<Option output="/home/lonyelon/Documentos/Opencraft/Opencraft" prefix_auto="0" extension_auto="0"/>
				<Option working_dir="/home/lonyelon/Documentos/Opencraft"/>
				<Option object_output="./"/>
				<Option type="1"/>
				<Option compiler="gcc"/>
				<Compiler>
					<Add directory="/home/lonyelon/Documentos/Opencraft/src"/>
				</Compiler>
				<MakeCommands>
					<Build command="/usr/bin/make -f &quot;/home/lonyelon/Documentos/Opencraft/Makefile&quot;  VERBOSE=1 Opencraft"/>
					<CompileFile command="/usr/bin/make -f &quot;/home/lonyelon/Documentos/Opencraft/Makefile&quot;  VERBOSE=1 &quot;$file&quot;"/>
					<Clean command="/usr/bin/make -f &quot;/home/lonyelon/Documentos/Opencraft/Makefile&quot;  VERBOSE=1 clean"/>
					<DistClean command="/usr/bin/make -f &quot;/home/lonyelon/Documentos/Opencraft/Makefile&quot;  VERBOSE=1 clean"/>
				</MakeCommands>
			</Target>
			<Target title="Opencraft/fast">
				<Option output="/home/lonyelon/Documentos/Opencraft/Opencraft" prefix_auto="0" extension_auto="0"/>
				<Option working_dir="/home/lonyelon/Documentos/Opencraft"/>
				<Option object_output="./"/>
				<Option type="1"/>
				<Option compiler="gcc"/>
				<Compiler>
					<Add directory="/home/lonyelon/Documentos/Opencraft/src"/>
				</Compiler>
				<MakeCommands>
					<Build command="/usr/bin/make -f &quot;/home/lonyelon/Documentos/Opencraft/Makefile&quot;  VERBOSE=1 Opencraft/fast"/>
					<CompileFile command="/usr/bin/make -f &quot;/home/lonyelon/Documentos/Opencraft/Makefile&quot;  VERBOSE=1 &quot;$file&quot;"/>
					<Clean command="/usr/bin/make -f &quot;/home/lonyelon/Documentos/Opencraft/Makefile&quot;  VERBOSE=1 clean"/>
					<DistClean command="/usr/bin/make -f &quot;/home/lonyelon/Documentos/Opencraft/Makefile&quot;  VERBOSE=1 clean"/>
				</MakeCommands>
			</Target>
		</Build>
		<Unit filename="/home/lonyelon/Documentos/Opencraft/src/Main.cc">
			<Option target="Opencraft"/>
		</Unit>
		<Unit filename="/home/lonyelon/Documentos/Opencraft/src/engine/LoadTexture.cc">
			<Option target="Opencraft"/>
		</Unit>
		<Unit filename="/home/lonyelon/Documentos/Opencraft/src/engine/LoadTexture.hpp">
			<Option target="Opencraft"/>
		</Unit>
		<Unit filename="/home/lonyelon/Documentos/Opencraft/src/engine/config/ConfigLoader.cc">
			<Option target="Opencraft"/>
		</Unit>
		<Unit filename="/home/lonyelon/Documentos/Opencraft/src/engine/config/ConfigLoader.hpp">
			<Option target="Opencraft"/>
		</Unit>
		<Unit filename="/home/lonyelon/Documentos/Opencraft/src/engine/glad/glad.cc">
			<Option target="Opencraft"/>
		</Unit>
		<Unit filename="/home/lonyelon/Documentos/Opencraft/src/engine/glad/glad.h">
			<Option target="Opencraft"/>
		</Unit>
		<Unit filename="/home/lonyelon/Documentos/Opencraft/src/engine/glfw.hpp">
			<Option target="Opencraft"/>
		</Unit>
		<Unit filename="/home/lonyelon/Documentos/Opencraft/src/engine/keyboard/KeyConverter.cc">
			<Option target="Opencraft"/>
		</Unit>
		<Unit filename="/home/lonyelon/Documentos/Opencraft/src/engine/keyboard/KeyConverter.hpp">
			<Option target="Opencraft"/>
		</Unit>
		<Unit filename="/home/lonyelon/Documentos/Opencraft/src/engine/keyboard/KeyHandler.cc">
			<Option target="Opencraft"/>
		</Unit>
		<Unit filename="/home/lonyelon/Documentos/Opencraft/src/engine/keyboard/KeyHandler.hpp">
			<Option target="Opencraft"/>
		</Unit>
		<Unit filename="/home/lonyelon/Documentos/Opencraft/src/engine/keyboard/KeyboardInput.cc">
			<Option target="Opencraft"/>
		</Unit>
		<Unit filename="/home/lonyelon/Documentos/Opencraft/src/engine/keyboard/KeyboardInput.hpp">
			<Option target="Opencraft"/>
		</Unit>
		<Unit filename="/home/lonyelon/Documentos/Opencraft/src/engine/loadShader.cc">
			<Option target="Opencraft"/>
		</Unit>
		<Unit filename="/home/lonyelon/Documentos/Opencraft/src/engine/model/Model.cc">
			<Option target="Opencraft"/>
		</Unit>
		<Unit filename="/home/lonyelon/Documentos/Opencraft/src/engine/model/Model.hpp">
			<Option target="Opencraft"/>
		</Unit>
		<Unit filename="/home/lonyelon/Documentos/Opencraft/src/engine/model/ModelLoader.cc">
			<Option target="Opencraft"/>
		</Unit>
		<Unit filename="/home/lonyelon/Documentos/Opencraft/src/engine/model/ModelLoader.hpp">
			<Option target="Opencraft"/>
		</Unit>
		<Unit filename="/home/lonyelon/Documentos/Opencraft/src/engine/mouse/Camera.cc">
			<Option target="Opencraft"/>
		</Unit>
		<Unit filename="/home/lonyelon/Documentos/Opencraft/src/engine/mouse/Camera.hpp">
			<Option target="Opencraft"/>
		</Unit>
		<Unit filename="/home/lonyelon/Documentos/Opencraft/src/engine/mouse/MouseInput.cc">
			<Option target="Opencraft"/>
		</Unit>
		<Unit filename="/home/lonyelon/Documentos/Opencraft/src/engine/mouse/MouseInput.hpp">
			<Option target="Opencraft"/>
		</Unit>
		<Unit filename="/home/lonyelon/Documentos/Opencraft/src/engine/position/FixedPosition.cc">
			<Option target="Opencraft"/>
		</Unit>
		<Unit filename="/home/lonyelon/Documentos/Opencraft/src/engine/position/FixedPosition.hpp">
			<Option target="Opencraft"/>
		</Unit>
		<Unit filename="/home/lonyelon/Documentos/Opencraft/src/engine/position/Position.cc">
			<Option target="Opencraft"/>
		</Unit>
		<Unit filename="/home/lonyelon/Documentos/Opencraft/src/engine/position/Position.hpp">
			<Option target="Opencraft"/>
		</Unit>
		<Unit filename="/home/lonyelon/Documentos/Opencraft/src/game/Hitbox.cc">
			<Option target="Opencraft"/>
		</Unit>
		<Unit filename="/home/lonyelon/Documentos/Opencraft/src/game/Hitbox.hpp">
			<Option target="Opencraft"/>
		</Unit>
		<Unit filename="/home/lonyelon/Documentos/Opencraft/src/game/Player.cc">
			<Option target="Opencraft"/>
		</Unit>
		<Unit filename="/home/lonyelon/Documentos/Opencraft/src/game/Player.hpp">
			<Option target="Opencraft"/>
		</Unit>
		<Unit filename="/home/lonyelon/Documentos/Opencraft/src/game/Sphere.cc">
			<Option target="Opencraft"/>
		</Unit>
		<Unit filename="/home/lonyelon/Documentos/Opencraft/src/game/Sphere.h">
			<Option target="Opencraft"/>
		</Unit>
		<Unit filename="/home/lonyelon/Documentos/Opencraft/src/game/world/Chunk.cc">
			<Option target="Opencraft"/>
		</Unit>
		<Unit filename="/home/lonyelon/Documentos/Opencraft/src/game/world/Chunk.hpp">
			<Option target="Opencraft"/>
		</Unit>
		<Unit filename="/home/lonyelon/Documentos/Opencraft/src/game/world/World.cc">
			<Option target="Opencraft"/>
		</Unit>
		<Unit filename="/home/lonyelon/Documentos/Opencraft/src/game/world/World.hpp">
			<Option target="Opencraft"/>
		</Unit>
		<Unit filename="/home/lonyelon/Documentos/Opencraft/src/game/world/WorldGenerator.cc">
			<Option target="Opencraft"/>
		</Unit>
		<Unit filename="/home/lonyelon/Documentos/Opencraft/src/game/world/WorldGenerator.hpp">
			<Option target="Opencraft"/>
		</Unit>
		<Unit filename="/home/lonyelon/Documentos/Opencraft/src/game/world/cube/Air.hpp">
			<Option target="Opencraft"/>
		</Unit>
		<Unit filename="/home/lonyelon/Documentos/Opencraft/src/game/world/cube/Cube.cc">
			<Option target="Opencraft"/>
		</Unit>
		<Unit filename="/home/lonyelon/Documentos/Opencraft/src/game/world/cube/Cube.hpp">
			<Option target="Opencraft"/>
		</Unit>
		<Unit filename="/home/lonyelon/Documentos/Opencraft/src/game/world/cube/CubeTypes.hpp">
			<Option target="Opencraft"/>
		</Unit>
		<Unit filename="/home/lonyelon/Documentos/Opencraft/src/game/world/cube/Cubes.hpp">
			<Option target="Opencraft"/>
		</Unit>
		<Unit filename="/home/lonyelon/Documentos/Opencraft/src/game/world/cube/Dirt.hpp">
			<Option target="Opencraft"/>
		</Unit>
		<Unit filename="/home/lonyelon/Documentos/Opencraft/src/game/world/cube/Grass.hpp">
			<Option target="Opencraft"/>
		</Unit>
		<Unit filename="/home/lonyelon/Documentos/Opencraft/src/game/world/cube/GrassyDirt.cc">
			<Option target="Opencraft"/>
		</Unit>
		<Unit filename="/home/lonyelon/Documentos/Opencraft/src/game/world/cube/GrassyDirt.hpp">
			<Option target="Opencraft"/>
		</Unit>
		<Unit filename="/home/lonyelon/Documentos/Opencraft/src/game/world/cube/Lava.hpp">
			<Option target="Opencraft"/>
		</Unit>
		<Unit filename="/home/lonyelon/Documentos/Opencraft/src/game/world/cube/Sand.hpp">
			<Option target="Opencraft"/>
		</Unit>
		<Unit filename="/home/lonyelon/Documentos/Opencraft/src/game/world/cube/Stone.hpp">
			<Option target="Opencraft"/>
		</Unit>
		<Unit filename="/home/lonyelon/Documentos/Opencraft/src/game/world/cube/Water.hpp">
			<Option target="Opencraft"/>
		</Unit>
		<Unit filename="/home/lonyelon/Documentos/Opencraft/src/game/world/cube/Wood.cc">
			<Option target="Opencraft"/>
		</Unit>
		<Unit filename="/home/lonyelon/Documentos/Opencraft/src/game/world/cube/Wood.hpp">
			<Option target="Opencraft"/>
		</Unit>
		<Unit filename="/home/lonyelon/Documentos/Opencraft/src/game/world/strcuture/Tree.cc">
			<Option target="Opencraft"/>
		</Unit>
		<Unit filename="/home/lonyelon/Documentos/Opencraft/src/game/world/strcuture/Tree.hpp">
			<Option target="Opencraft"/>
		</Unit>
		<Unit filename="/home/lonyelon/Documentos/Opencraft/CMakeLists.txt">
			<Option virtualFolder="CMake Files\"/>
		</Unit>
	</Project>
</CodeBlocks_project_file>
